{
    "_meta": {
        "hash": {
            "sha256": "e553a9e946e7a59e74c642429498871246b35eb34cb3c30020ad0f6cc6500928"
        },
        "pipfile-spec": 6,
        "requires": {
            "python_version": "3.12"
        },
        "sources": [
            {
                "name": "pypi",
                "url": "https://pypi.org/simple",
                "verify_ssl": true
            }
        ]
    },
    "default": {
        "gitdb": {
            "hashes": [
                "sha256:81a3407ddd2ee8df444cbacea00e2d038e40150acfa3001696fe0dcf1d3adfa4",
                "sha256:bf5421126136d6d0af55bc1e7c1af1c397a34f5b7bd79e776cd3e89785c2b04b"
            ],
            "markers": "python_version >= '3.7'",
            "version": "==4.0.11"
        },
        "gitpython": {
            "hashes": [
                "sha256:35f314a9f878467f5453cc1fee295c3e18e52f1b99f10f6cf5b1682e968a9e7c",
                "sha256:eec7ec56b92aad751f9912a73404bc02ba212a23adb2c7098ee668417051a1ff"
            ],
            "index": "pypi",
            "markers": "python_version >= '3.7'",
            "version": "==3.1.43"
        },
        "networkx": {
            "hashes": [
                "sha256:307c3669428c5362aab27c8a1260aa8f47c4e91d3891f48be0141738d8d053e1",
                "sha256:df5d4365b724cf81b8c6a7312509d0c22386097011ad1abe274afd5e9d3bbc5f"
            ],
            "index": "pypi",
            "markers": "python_version >= '3.10'",
            "version": "==3.4.2"
        },
        "smmap": {
            "hashes": [
                "sha256:dceeb6c0028fdb6734471eb07c0cd2aae706ccaecab45965ee83f11c8d3b1f62",
                "sha256:e6d8668fa5f93e706934a62d7b4db19c8d9eb8cf2adbb75ef1b675aa332b69da"
            ],
            "markers": "python_version >= '3.7'",
            "version": "==5.0.1"
        },
        "tree-sitter": {
            "hashes": [
                "sha256:03b70296b569ef64f7b92b42ca5da9bf86d81bee2afd480bea35092687f51dae",
                "sha256:04f8699b131d4bcbe3805c37e4ef3d159ee9a82a0e700587625623999ba0ea53",
                "sha256:08466953c78ae57be61057188fb88c89791b0a562856010228e0ccf60e2ac453",
                "sha256:0ff2037be5edab7801de3f6a721b9cf010853f612e2008ee454e0e0badb225a6",
                "sha256:12b60dca70d2282af942b650a6d781be487485454668c7c956338a367b98cdee",
                "sha256:29224bdc2a3b9af535b7725e249d3ee291b2e90708e82832e73acc175e40dc48",
                "sha256:2c7eae7fe2af215645a38660d2d57d257a4c461fe3ec827cca99a79478284e80",
                "sha256:3346a4dd0447a42aabb863443b0fd8c92b909baf40ed2344fae4b94b625d5955",
                "sha256:3a71d607595270b6870eaf778a1032d146b2aa79bfcfa60f57a82a7b7584a4c7",
                "sha256:3a937f5d8727bc1c74c4bf2a9d1c25ace049e8628273016ad0d45914ae904e10",
                "sha256:3ead958df87a21d706903987e665e9e0e5df7b2c5021ff69ea349826840adc6a",
                "sha256:4471577df285059c71686ecb208bc50fb472099b38dcc8e849b0e86652891e87",
                "sha256:4780ba8f3894f2dea869fad2995c2aceab3fd5ab9e6a27c45475d2acd7f7e84e",
                "sha256:569514b9a996a0fd458b3a891c46ca125298be0c03cf82f2b6f0c13d5d8f25dc",
                "sha256:611cae16be332213c0e6ece72c0bfca202e30ff320a8b309b1526c6cb79ee4ba",
                "sha256:614590611636044e071d3a0b748046d52676dbda3bc9fa431216231e11dd98f7",
                "sha256:64859bd4aa1567d0d6016a811b2b49c59d4a4427d096e3d8c84b2521455f62b7",
                "sha256:66bae8dd47f1fed7bdef816115146d3a41c39b5c482d7bad36d9ba1def088450",
                "sha256:6de18d8d8a7f67ab71f472d1fcb01cc506e080cbb5e13d52929e4b6fdce6bbee",
                "sha256:6fe9b9ea7a0aa23b52fd97354da95d1b2580065bc12a4ac868f9164a127211d6",
                "sha256:78d070d8eaeaeb36cf535f55e5578fddbfc3bf53c1980f58bf1a99d57466b3b5",
                "sha256:7cb4bb953ea7c0b50eeafc4454783e030357179d2a93c3dd5ebed2da5588ddd0",
                "sha256:878580b2ad5054c410ba3418edca4d34c81cc26706114d8f5b5541688bc2d785",
                "sha256:8a33f03a562de91f7fd05eefcedd8994a06cd44c62f7aabace811ad82bc11cbd",
                "sha256:8caebe65bc358759dac2500d8f8feed3aed939c4ade9a684a1783fe07bc7d5db",
                "sha256:91fda41d4f8824335cc43c64e2c37d8089c8c563bd3900a512d2852d075af719",
                "sha256:92b2b489d5ce54b41f94c6f23fbaf592bd6e84dc2877048fd1cb060480fa53f7",
                "sha256:9dbd110a30cf28be5da734ae4cd0e9031768228dbf6a79f2973962aa51de4ec7",
                "sha256:a014498b6a9e6003fae8c6eb72f5927d62da9dcb72b28b3ce8cd15c6ff6a6572",
                "sha256:a0320eb6c7993359c5f7b371d22719ccd273f440d41cf1bd65dac5e9587f2046",
                "sha256:a357ed98a74e47787b812df99a74a2c35c0fe11e55c2095cc01d1cad144ef552",
                "sha256:a4e9e53d07dd076bede72e4f7d3a0173d7b9ad6576572dd86da008a740a9bb22",
                "sha256:a5db8e585205faef8bf219da77d8993e2ef04d08eda2e3c8ad7e4df8297ee344",
                "sha256:b848e0fdd522fbb8888cdb4f4d93f8fad97ae10d70c122fb922e51363c7febcd",
                "sha256:c2dfb8e8f760f4cc67888d03ef9e2dbd3353245f67f5efba375c2a14d944ac0e",
                "sha256:c58d89348162fbc3aea1fe6511a66ee189fc0e4e4bbe937026f29e4ecef17763",
                "sha256:d74d00a8021719eae14d10d1b1e28649e15d8b958c01c2b2c3dad7a2ebc4dbae",
                "sha256:eff630dddee7ba05accb439b17e559e15ce13f057297007c246237ceb6306332",
                "sha256:f0b609460b8e3e256361fb12e94fae5b728cb835b16f0f9d590b5aadbf9d109b",
                "sha256:f342c925290dd4e20ecd5787ef7ae8749981597ab364783a1eb73173efe65226",
                "sha256:fc5a72eb50d43485000dbbb309acb350467b7467e66dc747c6bb82ce63041582"
            ],
            "index": "pypi",
            "markers": "python_version >= '3.9'",
            "version": "==0.23.2"
        },
        "tree-sitter-python": {
            "hashes": [
                "sha256:3ee327eaa85b61ea34f878c46fd55a8b1bcbc21d9683782b4f2e7ae9bb23ea51",
                "sha256:64d733c029db4356aeecd4b2160e793066490f07a9ce549b53aa8100d49d6083",
                "sha256:a427c3e5b107febd9f0bfc8df4d91854bda110192d50d741d135f6d37b28fcbd",
                "sha256:ba8ddaf42ad390bda21c25f243b60f906a4c681b450400f689481f0e2b914028",
                "sha256:c7a75736b0b8704c7e1eb7edeff8c8d1dc17832de76a65ae375fd59c01b2fc84",
                "sha256:d09c4d6074825c707414bc10c1e90dc5764281cc080bfb7a0ab7c04d0610dbca",
                "sha256:da6abb90a8061d70651f170403e19aed1db4e6e5bcf4b9396245421899c94070",
                "sha256:fc14405a4e83c110939aafdf21b0c7814a1534e2e6a22599bc2f6b44abc72fdd"
            ],
            "index": "pypi",
            "markers": "python_version >= '3.9'",
            "version": "==0.23.2"
        }
    },
    "develop": {}
}
